
Microsoft Visual Studio Solution File, Format Version 11.00
# Visual Studio 2010
Project("{FAE04EC0-301F-11D3-BF4B-00C04F79EFBC}") = "Safest Route", "Assembly-CSharp.csproj", "{BE56D7E0-E779-1FA7-070C-58740662F1FF}"
EndProject
Project("{FAE04EC0-301F-11D3-BF4B-00C04F79EFBC}") = "Safest Route", "Assembly-CSharp-Editor.csproj", "{02CAB4BE-6B7C-CAD4-5539-CAA865DA63D3}"
EndProject
Global
	GlobalSection(SolutionConfigurationPlatforms) = preSolution
		Debug|Any CPU = Debug|Any CPU
		Release|Any CPU = Release|Any CPU
	EndGlobalSection
	GlobalSection(ProjectConfigurationPlatforms) = postSolution
		{BE56D7E0-E779-1FA7-070C-58740662F1FF}.Debug|Any CPU.ActiveCfg = Debug|Any CPU
		{BE56D7E0-E779-1FA7-070C-58740662F1FF}.Debug|Any CPU.Build.0 = Debug|Any CPU
		{BE56D7E0-E779-1FA7-070C-58740662F1FF}.Release|Any CPU.ActiveCfg = Release|Any CPU
		{BE56D7E0-E779-1FA7-070C-58740662F1FF}.Release|Any CPU.Build.0 = Release|Any CPU
		{02CAB4BE-6B7C-CAD4-5539-CAA865DA63D3}.Debug|Any CPU.ActiveCfg = Debug|Any CPU
		{02CAB4BE-6B7C-CAD4-5539-CAA865DA63D3}.Debug|Any CPU.Build.0 = Debug|Any CPU
		{02CAB4BE-6B7C-CAD4-5539-CAA865DA63D3}.Release|Any CPU.ActiveCfg = Release|Any CPU
		{02CAB4BE-6B7C-CAD4-5539-CAA865DA63D3}.Release|Any CPU.Build.0 = Release|Any CPU
	EndGlobalSection
	GlobalSection(SolutionProperties) = preSolution
		HideSolutionNode = FALSE
	EndGlobalSection
	GlobalSection(MonoDevelopProperties) = preSolution
		StartupItem = Assembly-CSharp.csproj
	EndGlobalSection
EndGlobal
